<Solution>
  <Project Path="Assembly-CSharp.csproj" />
  <Project Path="Assembly-CSharp-Editor.csproj" />
  <Project Path="RAMEditor.csproj" />
  <Project Path="Assembly-CSharp-firstpass.csproj" />
  <Project Path="PaintingEditor.csproj" />
  <Project Path="ALP8310_ControllerGlobal.Editor.csproj" />
  <Project Path="Painting.csproj" />
  <Project Path="RAM.csproj" />
  <Project Path="ALP8310_ControllerGlobal.csproj" />
</Solution>
